
Microsoft Visual Studio Solution File, Format Version 12.00
# Visual Studio 15
VisualStudioVersion = 15.0.27703.2026
MinimumVisualStudioVersion = 10.0.40219.1
Project("{FAE04EC0-301F-11D3-BF4B-00C04F79EFBC}") = "atalet", "atalet\atalet.csproj", "{3C546A1E-B7A3-44FD-AB26-0AA130BB1CA7}"
EndProject
Project("{FAE04EC0-301F-11D3-BF4B-00C04F79EFBC}") = "lib.fizibil.moi", "lib.fizibil.moi\lib.fizibil.moi.csproj", "{B3BB5B2B-A479-4162-8BF7-7F7A4EBF3608}"
EndProject
Global
	GlobalSection(SolutionConfigurationPlatforms) = preSolution
		Debug|Any CPU = Debug|Any CPU
		Release|Any CPU = Release|Any CPU
	EndGlobalSection
	GlobalSection(ProjectConfigurationPlatforms) = postSolution
		{3C546A1E-B7A3-44FD-AB26-0AA130BB1CA7}.Debug|Any CPU.ActiveCfg = Debug|Any CPU
		{3C546A1E-B7A3-44FD-AB26-0AA130BB1CA7}.Debug|Any CPU.Build.0 = Debug|Any CPU
		{3C546A1E-B7A3-44FD-AB26-0AA130BB1CA7}.Release|Any CPU.ActiveCfg = Release|Any CPU
		{3C546A1E-B7A3-44FD-AB26-0AA130BB1CA7}.Release|Any CPU.Build.0 = Release|Any CPU
		{B3BB5B2B-A479-4162-8BF7-7F7A4EBF3608}.Debug|Any CPU.ActiveCfg = Debug|Any CPU
		{B3BB5B2B-A479-4162-8BF7-7F7A4EBF3608}.Debug|Any CPU.Build.0 = Debug|Any CPU
		{B3BB5B2B-A479-4162-8BF7-7F7A4EBF3608}.Release|Any CPU.ActiveCfg = Release|Any CPU
		{B3BB5B2B-A479-4162-8BF7-7F7A4EBF3608}.Release|Any CPU.Build.0 = Release|Any CPU
	EndGlobalSection
	GlobalSection(SolutionProperties) = preSolution
		HideSolutionNode = FALSE
	EndGlobalSection
	GlobalSection(ExtensibilityGlobals) = postSolution
		SolutionGuid = {890FC65B-AB47-49D4-A540-3E77F087C0BD}
	EndGlobalSection
EndGlobal
